
Microsoft Visual Studio Solution File, Format Version 12.00
# Visual Studio Version 17
VisualStudioVersion = 17.11.35312.102
MinimumVisualStudioVersion = 10.0.40219.1
Project("{9A19103F-16F7-4668-BE54-9A1E7A4F7556}") = "psiconexao", "psiconexao\psiconexao.csproj", "{66A1B630-B7A6-4851-9831-29116B97FA66}"
EndProject
Global
	GlobalSection(SolutionConfigurationPlatforms) = preSolution
		Debug|Any CPU = Debug|Any CPU
		Release|Any CPU = Release|Any CPU
	EndGlobalSection
	GlobalSection(ProjectConfigurationPlatforms) = postSolution
		{66A1B630-B7A6-4851-9831-29116B97FA66}.Debug|Any CPU.ActiveCfg = Debug|Any CPU
		{66A1B630-B7A6-4851-9831-29116B97FA66}.Debug|Any CPU.Build.0 = Debug|Any CPU
		{66A1B630-B7A6-4851-9831-29116B97FA66}.Release|Any CPU.ActiveCfg = Release|Any CPU
		{66A1B630-B7A6-4851-9831-29116B97FA66}.Release|Any CPU.Build.0 = Release|Any CPU
	EndGlobalSection
	GlobalSection(SolutionProperties) = preSolution
		HideSolutionNode = FALSE
	EndGlobalSection
	GlobalSection(ExtensibilityGlobals) = postSolution
		SolutionGuid = {A69C0D65-3541-475E-93EB-DA1EFCF14A0C}
	EndGlobalSection
EndGlobal
